# THIS IS AN AUTOGENERATED FILE. DO NOT EDIT THIS FILE DIRECTLY.
# yarn lockfile v1


"@ant-design/colors@^3.1.0":
  version "3.2.2"
  resolved "http://r.cnpmjs.org/@ant-design/colors/download/@ant-design/colors-3.2.2.tgz#5ad43d619e911f3488ebac303d606e66a8423903"
  integrity sha1-WtQ9YZ6RHzSI66wwPWBuZqhCOQM=
  dependencies:
    tinycolor2 "^1.4.1"

"@ant-design/icons-svg@^4.0.0":
  version "4.0.0"
  resolved "http://r.cnpmjs.org/@ant-design/icons-svg/download/@ant-design/icons-svg-4.0.0.tgz#6683db0df97c0c6900bb28a280faf391522ec734"
  integrity sha1-ZoPbDfl8DGkAuyiigPrzkVIuxzQ=

"@ant-design/icons@4.0.6":
  version "4.0.6"
  resolved "http://r.cnpmjs.org/@ant-design/icons/download/@ant-design/icons-4.0.6.tgz#a1b9860d4de5dece59ba98d0025b07a3d13cba2a"
  integrity sha1-obmGDU3l3s5ZupjQAlsHo9E8uio=
  dependencies:
    "@ant-design/colors" "^3.1.0"
    "@ant-design/icons-svg" "^4.0.0"
    classnames "^2.2.6"
    insert-css "^2.0.0"
    rc-util "^4.9.0"

add-dom-event-listener@^1.1.0:
  version "1.1.0"
  resolved "http://r.cnpmjs.org/add-dom-event-listener/download/add-dom-event-listener-1.1.0.tgz#6a92db3a0dd0abc254e095c0f1dc14acbbaae310"
  integrity sha1-apLbOg3Qq8JU4JXA8dwUrLuq4xA=
  dependencies:
    object-assign "4.x"

classnames@^2.2.6:
  version "2.2.6"
  resolved "http://r.cnpmjs.org/classnames/download/classnames-2.2.6.tgz#43935bffdd291f326dad0a205309b38d00f650ce"
  integrity sha1-Q5Nb/90pHzJtrQogUwmzjQD2UM4=

insert-css@^2.0.0:
  version "2.0.0"
  resolved "http://r.cnpmjs.org/insert-css/download/insert-css-2.0.0.tgz#eb5d1097b7542f4c79ea3060d3aee07d053880f4"
  integrity sha1-610Ql7dUL0x56jBg067gfQU4gPQ=

"js-tokens@^3.0.0 || ^4.0.0":
  version "4.0.0"
  resolved "http://r.cnpmjs.org/js-tokens/download/js-tokens-4.0.0.tgz#19203fb59991df98e3a287050d4647cdeaf32499"
  integrity sha1-GSA/tZmR35jjoocFDUZHzerzJJk=

loose-envify@^1.4.0:
  version "1.4.0"
  resolved "http://r.cnpmjs.org/loose-envify/download/loose-envify-1.4.0.tgz#71ee51fa7be4caec1a63839f7e682d8132d30caf"
  integrity sha1-ce5R+nvkyuwaY4OffmgtgTLTDK8=
  dependencies:
    js-tokens "^3.0.0 || ^4.0.0"

object-assign@4.x, object-assign@^4.1.1:
  version "4.1.1"
  resolved "http://r.cnpmjs.org/object-assign/download/object-assign-4.1.1.tgz#2109adc7965887cfc05cbbd442cac8bfbb360863"
  integrity sha1-IQmtx5ZYh8/AXLvUQsrIv7s2CGM=

prop-types@^15.5.10:
  version "15.7.2"
  resolved "http://r.cnpmjs.org/prop-types/download/prop-types-15.7.2.tgz#52c41e75b8c87e72b9d9360e0206b99dcbffa6c5"
  integrity sha1-UsQedbjIfnK52TYOAga5ncv/psU=
  dependencies:
    loose-envify "^1.4.0"
    object-assign "^4.1.1"
    react-is "^16.8.1"

rc-util@^4.9.0:
  version "4.20.3"
  resolved "http://r.cnpmjs.org/rc-util/download/rc-util-4.20.3.tgz#c4d4ee6171cf685dc75572752a764310325888d3"
  integrity sha1-xNTuYXHPaF3HVXJ1KnZDEDJYiNM=
  dependencies:
    add-dom-event-listener "^1.1.0"
    prop-types "^15.5.10"
    react-is "^16.12.0"
    react-lifecycles-compat "^3.0.4"
    shallowequal "^1.1.0"

react-is@^16.12.0, react-is@^16.8.1:
  version "16.13.1"
  resolved "http://r.cnpmjs.org/react-is/download/react-is-16.13.1.tgz#789729a4dc36de2999dc156dd6c1d9c18cea56a4"
  integrity sha1-eJcppNw23imZ3BVt1sHZwYzqVqQ=

react-lifecycles-compat@^3.0.4:
  version "3.0.4"
  resolved "http://r.cnpmjs.org/react-lifecycles-compat/download/react-lifecycles-compat-3.0.4.tgz#4f1a273afdfc8f3488a8c516bfda78f872352362"
  integrity sha1-TxonOv38jzSIqMUWv9p4+HI1I2I=

shallowequal@^1.1.0:
  version "1.1.0"
  resolved "http://r.cnpmjs.org/shallowequal/download/shallowequal-1.1.0.tgz#188d521de95b9087404fd4dcb68b13df0ae4e7f8"
  integrity sha1-GI1SHelbkIdAT9TctosT3wrk5/g=

tinycolor2@^1.4.1:
  version "1.4.1"
  resolved "http://r.cnpmjs.org/tinycolor2/download/tinycolor2-1.4.1.tgz#f4fad333447bc0b07d4dc8e9209d8f39a8ac77e8"
  integrity sha1-9PrTM0R7wLB9TcjpIJ2POaisd+g=
